
Microsoft Visual Studio Solution File, Format Version 12.00
# Visual Studio Version 17
VisualStudioVersion = 17.6.33815.320
MinimumVisualStudioVersion = 10.0.40219.1
Project("{FAE04EC0-301F-11D3-BF4B-00C04F79EFBC}") = "Writing Your Own Reflector", "Writing Your Own Reflector\Writing Your Own Reflector.csproj", "{64A3C448-6DDC-4308-8383-A731AD83811F}"
EndProject
Global
	GlobalSection(SolutionConfigurationPlatforms) = preSolution
		Debug|Any CPU = Debug|Any CPU
		Release|Any CPU = Release|Any CPU
	EndGlobalSection
	GlobalSection(ProjectConfigurationPlatforms) = postSolution
		{64A3C448-6DDC-4308-8383-A731AD83811F}.Debug|Any CPU.ActiveCfg = Debug|Any CPU
		{64A3C448-6DDC-4308-8383-A731AD83811F}.Debug|Any CPU.Build.0 = Debug|Any CPU
		{64A3C448-6DDC-4308-8383-A731AD83811F}.Release|Any CPU.ActiveCfg = Release|Any CPU
		{64A3C448-6DDC-4308-8383-A731AD83811F}.Release|Any CPU.Build.0 = Release|Any CPU
	EndGlobalSection
	GlobalSection(SolutionProperties) = preSolution
		HideSolutionNode = FALSE
	EndGlobalSection
	GlobalSection(ExtensibilityGlobals) = postSolution
		SolutionGuid = {954A8933-66E2-46C4-9986-0C59C501D93D}
	EndGlobalSection
EndGlobal
